
Microsoft Visual Studio Solution File, Format Version 12.00
Project("{2150E333-8FDC-42A3-9474-1A3956D46DE8}") = "90 Presentation", "90 Presentation", "{04EF7326-3CF3-4BC4-831B-860036CD5B20}"
EndProject
Project("{2150E333-8FDC-42A3-9474-1A3956D46DE8}") = "80 Infrastructure", "80 Infrastructure", "{315AAE32-F528-4943-975D-F25A155361EB}"
EndProject
Project("{2150E333-8FDC-42A3-9474-1A3956D46DE8}") = "50 Modules", "50 Modules", "{CC8B42B7-39C6-4583-A465-467B5911F7D0}"
EndProject
Project("{2150E333-8FDC-42A3-9474-1A3956D46DE8}") = "Macelleria", "Macelleria", "{3155E9DC-4E1B-4A90-BCB5-4F33DFB2C463}"
EndProject
Project("{2150E333-8FDC-42A3-9474-1A3956D46DE8}") = "Trattoria", "Trattoria", "{5A32A2B0-A398-4F68-B051-B2976AA1B2E3}"
EndProject
Project("{2150E333-8FDC-42A3-9474-1A3956D46DE8}") = "Tests", "Tests", "{FA246DBB-C8BF-40A2-97FB-E3683B9AF4F5}"
EndProject
Project("{2150E333-8FDC-42A3-9474-1A3956D46DE8}") = "Tests", "Tests", "{35A1CD02-B41D-4E61-A671-B92E89AE48D0}"
EndProject
Project("{2150E333-8FDC-42A3-9474-1A3956D46DE8}") = "30 Shared", "30 Shared", "{295ADAED-DA23-4CE8-AAD8-C6E08881002C}"
EndProject
Project("{FAE04EC0-301F-11D3-BF4B-00C04F79EFBC}") = "SpiedoBresciano.Shared", "SpiedoBresciano.Shared\SpiedoBresciano.Shared.csproj", "{C6034EE9-FCDC-4E34-8D3E-CF9FBF50FFBB}"
EndProject
Project("{FAE04EC0-301F-11D3-BF4B-00C04F79EFBC}") = "SpiedoBresciano.Infrastructure", "SpiedoBresciano.Infrastructure\SpiedoBresciano.Infrastructure.csproj", "{721B3A67-1F62-4860-A90B-FDE8CF8E4DE5}"
EndProject
Project("{FAE04EC0-301F-11D3-BF4B-00C04F79EFBC}") = "SpiedoBresciano.Macelleria.Facade", "Macelleria\SpiedoBresciano.Macelleria.Facade\SpiedoBresciano.Macelleria.Facade.csproj", "{C03B69BF-AE35-49B0-BF5B-38FBC4334CE6}"
EndProject
Project("{FAE04EC0-301F-11D3-BF4B-00C04F79EFBC}") = "SpiedoBresciano.Macelleria.Domain", "Macelleria\SpiedoBresciano.Macelleria.Domain\SpiedoBresciano.Macelleria.Domain.csproj", "{2163BA29-CAE1-4B5A-8D0B-958617E8D0CC}"
EndProject
Project("{FAE04EC0-301F-11D3-BF4B-00C04F79EFBC}") = "SpiedoBresciano.Macelleria.SharedKernel", "Macelleria\SpiedoBresciano.Macelleria.SharedKernel\SpiedoBresciano.Macelleria.SharedKernel.csproj", "{C0BCC884-4AC1-43C9-B5DB-2BCAD854E405}"
EndProject
Project("{FAE04EC0-301F-11D3-BF4B-00C04F79EFBC}") = "SpiedoBresciano.Macelleria.ReadModel", "Macelleria\SpiedoBresciano.Macelleria.ReadModel\SpiedoBresciano.Macelleria.ReadModel.csproj", "{4B69D627-CC5D-4F0F-BAC5-944B6D60A0BC}"
EndProject
Project("{FAE04EC0-301F-11D3-BF4B-00C04F79EFBC}") = "SpiedoBresciano.Macelleria.Infrastructure", "Macelleria\SpiedoBresciano.Macelleria.Infrastructure\SpiedoBresciano.Macelleria.Infrastructure.csproj", "{865F6B7E-62E6-4712-8961-4386D9C665B3}"
EndProject
Project("{FAE04EC0-301F-11D3-BF4B-00C04F79EFBC}") = "SpiedoBresciano.Macelleria.Tests", "Macelleria\SpiedoBresciano.Macelleria.Tests\SpiedoBresciano.Macelleria.Tests.csproj", "{582DE67A-DD2F-41EB-B82E-0CF77B3201EB}"
EndProject
Project("{FAE04EC0-301F-11D3-BF4B-00C04F79EFBC}") = "SpiedoBresciano.Trattoria.Facade", "Trattoria\SpiedoBresciano.Trattoria.Facade\SpiedoBresciano.Trattoria.Facade.csproj", "{E2D17163-5AC1-4A70-8D18-3245DC7E89B1}"
EndProject
Project("{FAE04EC0-301F-11D3-BF4B-00C04F79EFBC}") = "SpiedoBresciano.Trattoria.Domain", "Trattoria\SpiedoBresciano.Trattoria.Domain\SpiedoBresciano.Trattoria.Domain.csproj", "{23ED465F-2B0F-4841-8AC8-D64E6FBEC8D3}"
EndProject
Project("{FAE04EC0-301F-11D3-BF4B-00C04F79EFBC}") = "SpiedoBresciano.Trattoria.SharedKernel", "Trattoria\SpiedoBresciano.Trattoria.SharedKernel\SpiedoBresciano.Trattoria.SharedKernel.csproj", "{8576B53E-2E2E-48A9-96A2-981E8F7B7CFF}"
EndProject
Project("{FAE04EC0-301F-11D3-BF4B-00C04F79EFBC}") = "SpiedoBresciano.Trattoria.ReadModel", "Trattoria\SpiedoBresciano.Trattoria.ReadModel\SpiedoBresciano.Trattoria.ReadModel.csproj", "{192B1643-6A77-4382-88E8-9B22B5B99DF7}"
EndProject
Project("{FAE04EC0-301F-11D3-BF4B-00C04F79EFBC}") = "SpiedoBresciano.Trattoria.Infrastructure", "Trattoria\SpiedoBresciano.Trattoria.Infrastructure\SpiedoBresciano.Trattoria.Infrastructure.csproj", "{728DEF70-726D-4422-BFF6-9491DEB664B1}"
EndProject
Project("{FAE04EC0-301F-11D3-BF4B-00C04F79EFBC}") = "SpiedoBresciano.Trattoria.Tests", "Trattoria\SpiedoBresciano.Trattoria.Tests\SpiedoBresciano.Trattoria.Tests.csproj", "{C91A3C4D-4E6A-47E9-9530-C4B55FC0F473}"
EndProject
Project("{FAE04EC0-301F-11D3-BF4B-00C04F79EFBC}") = "SpiedoBresciano.Rest", "SpiedoBresciano.Rest\SpiedoBresciano.Rest.csproj", "{0292A6DB-EB05-4FBF-B308-BD0A290CBBB1}"
EndProject
Global
	GlobalSection(SolutionConfigurationPlatforms) = preSolution
		Debug|Any CPU = Debug|Any CPU
		Debug|x64 = Debug|x64
		Debug|x86 = Debug|x86
		Release|Any CPU = Release|Any CPU
		Release|x64 = Release|x64
		Release|x86 = Release|x86
	EndGlobalSection
	GlobalSection(ProjectConfigurationPlatforms) = postSolution
		{C6034EE9-FCDC-4E34-8D3E-CF9FBF50FFBB}.Debug|Any CPU.ActiveCfg = Debug|Any CPU
		{C6034EE9-FCDC-4E34-8D3E-CF9FBF50FFBB}.Debug|Any CPU.Build.0 = Debug|Any CPU
		{C6034EE9-FCDC-4E34-8D3E-CF9FBF50FFBB}.Debug|x64.ActiveCfg = Debug|Any CPU
		{C6034EE9-FCDC-4E34-8D3E-CF9FBF50FFBB}.Debug|x64.Build.0 = Debug|Any CPU
		{C6034EE9-FCDC-4E34-8D3E-CF9FBF50FFBB}.Debug|x86.ActiveCfg = Debug|Any CPU
		{C6034EE9-FCDC-4E34-8D3E-CF9FBF50FFBB}.Debug|x86.Build.0 = Debug|Any CPU
		{C6034EE9-FCDC-4E34-8D3E-CF9FBF50FFBB}.Release|Any CPU.ActiveCfg = Release|Any CPU
		{C6034EE9-FCDC-4E34-8D3E-CF9FBF50FFBB}.Release|Any CPU.Build.0 = Release|Any CPU
		{C6034EE9-FCDC-4E34-8D3E-CF9FBF50FFBB}.Release|x64.ActiveCfg = Release|Any CPU
		{C6034EE9-FCDC-4E34-8D3E-CF9FBF50FFBB}.Release|x64.Build.0 = Release|Any CPU
		{C6034EE9-FCDC-4E34-8D3E-CF9FBF50FFBB}.Release|x86.ActiveCfg = Release|Any CPU
		{C6034EE9-FCDC-4E34-8D3E-CF9FBF50FFBB}.Release|x86.Build.0 = Release|Any CPU
		{721B3A67-1F62-4860-A90B-FDE8CF8E4DE5}.Debug|Any CPU.ActiveCfg = Debug|Any CPU
		{721B3A67-1F62-4860-A90B-FDE8CF8E4DE5}.Debug|Any CPU.Build.0 = Debug|Any CPU
		{721B3A67-1F62-4860-A90B-FDE8CF8E4DE5}.Debug|x64.ActiveCfg = Debug|Any CPU
		{721B3A67-1F62-4860-A90B-FDE8CF8E4DE5}.Debug|x64.Build.0 = Debug|Any CPU
		{721B3A67-1F62-4860-A90B-FDE8CF8E4DE5}.Debug|x86.ActiveCfg = Debug|Any CPU
		{721B3A67-1F62-4860-A90B-FDE8CF8E4DE5}.Debug|x86.Build.0 = Debug|Any CPU
		{721B3A67-1F62-4860-A90B-FDE8CF8E4DE5}.Release|Any CPU.ActiveCfg = Release|Any CPU
		{721B3A67-1F62-4860-A90B-FDE8CF8E4DE5}.Release|Any CPU.Build.0 = Release|Any CPU
		{721B3A67-1F62-4860-A90B-FDE8CF8E4DE5}.Release|x64.ActiveCfg = Release|Any CPU
		{721B3A67-1F62-4860-A90B-FDE8CF8E4DE5}.Release|x64.Build.0 = Release|Any CPU
		{721B3A67-1F62-4860-A90B-FDE8CF8E4DE5}.Release|x86.ActiveCfg = Release|Any CPU
		{721B3A67-1F62-4860-A90B-FDE8CF8E4DE5}.Release|x86.Build.0 = Release|Any CPU
		{C03B69BF-AE35-49B0-BF5B-38FBC4334CE6}.Debug|Any CPU.ActiveCfg = Debug|Any CPU
		{C03B69BF-AE35-49B0-BF5B-38FBC4334CE6}.Debug|Any CPU.Build.0 = Debug|Any CPU
		{C03B69BF-AE35-49B0-BF5B-38FBC4334CE6}.Debug|x64.ActiveCfg = Debug|Any CPU
		{C03B69BF-AE35-49B0-BF5B-38FBC4334CE6}.Debug|x64.Build.0 = Debug|Any CPU
		{C03B69BF-AE35-49B0-BF5B-38FBC4334CE6}.Debug|x86.ActiveCfg = Debug|Any CPU
		{C03B69BF-AE35-49B0-BF5B-38FBC4334CE6}.Debug|x86.Build.0 = Debug|Any CPU
		{C03B69BF-AE35-49B0-BF5B-38FBC4334CE6}.Release|Any CPU.ActiveCfg = Release|Any CPU
		{C03B69BF-AE35-49B0-BF5B-38FBC4334CE6}.Release|Any CPU.Build.0 = Release|Any CPU
		{C03B69BF-AE35-49B0-BF5B-38FBC4334CE6}.Release|x64.ActiveCfg = Release|Any CPU
		{C03B69BF-AE35-49B0-BF5B-38FBC4334CE6}.Release|x64.Build.0 = Release|Any CPU
		{C03B69BF-AE35-49B0-BF5B-38FBC4334CE6}.Release|x86.ActiveCfg = Release|Any CPU
		{C03B69BF-AE35-49B0-BF5B-38FBC4334CE6}.Release|x86.Build.0 = Release|Any CPU
		{2163BA29-CAE1-4B5A-8D0B-958617E8D0CC}.Debug|Any CPU.ActiveCfg = Debug|Any CPU
		{2163BA29-CAE1-4B5A-8D0B-958617E8D0CC}.Debug|Any CPU.Build.0 = Debug|Any CPU
		{2163BA29-CAE1-4B5A-8D0B-958617E8D0CC}.Debug|x64.ActiveCfg = Debug|Any CPU
		{2163BA29-CAE1-4B5A-8D0B-958617E8D0CC}.Debug|x64.Build.0 = Debug|Any CPU
		{2163BA29-CAE1-4B5A-8D0B-958617E8D0CC}.Debug|x86.ActiveCfg = Debug|Any CPU
		{2163BA29-CAE1-4B5A-8D0B-958617E8D0CC}.Debug|x86.Build.0 = Debug|Any CPU
		{2163BA29-CAE1-4B5A-8D0B-958617E8D0CC}.Release|Any CPU.ActiveCfg = Release|Any CPU
		{2163BA29-CAE1-4B5A-8D0B-958617E8D0CC}.Release|Any CPU.Build.0 = Release|Any CPU
		{2163BA29-CAE1-4B5A-8D0B-958617E8D0CC}.Release|x64.ActiveCfg = Release|Any CPU
		{2163BA29-CAE1-4B5A-8D0B-958617E8D0CC}.Release|x64.Build.0 = Release|Any CPU
		{2163BA29-CAE1-4B5A-8D0B-958617E8D0CC}.Release|x86.ActiveCfg = Release|Any CPU
		{2163BA29-CAE1-4B5A-8D0B-958617E8D0CC}.Release|x86.Build.0 = Release|Any CPU
		{C0BCC884-4AC1-43C9-B5DB-2BCAD854E405}.Debug|Any CPU.ActiveCfg = Debug|Any CPU
		{C0BCC884-4AC1-43C9-B5DB-2BCAD854E405}.Debug|Any CPU.Build.0 = Debug|Any CPU
		{C0BCC884-4AC1-43C9-B5DB-2BCAD854E405}.Debug|x64.ActiveCfg = Debug|Any CPU
		{C0BCC884-4AC1-43C9-B5DB-2BCAD854E405}.Debug|x64.Build.0 = Debug|Any CPU
		{C0BCC884-4AC1-43C9-B5DB-2BCAD854E405}.Debug|x86.ActiveCfg = Debug|Any CPU
		{C0BCC884-4AC1-43C9-B5DB-2BCAD854E405}.Debug|x86.Build.0 = Debug|Any CPU
		{C0BCC884-4AC1-43C9-B5DB-2BCAD854E405}.Release|Any CPU.ActiveCfg = Release|Any CPU
		{C0BCC884-4AC1-43C9-B5DB-2BCAD854E405}.Release|Any CPU.Build.0 = Release|Any CPU
		{C0BCC884-4AC1-43C9-B5DB-2BCAD854E405}.Release|x64.ActiveCfg = Release|Any CPU
		{C0BCC884-4AC1-43C9-B5DB-2BCAD854E405}.Release|x64.Build.0 = Release|Any CPU
		{C0BCC884-4AC1-43C9-B5DB-2BCAD854E405}.Release|x86.ActiveCfg = Release|Any CPU
		{C0BCC884-4AC1-43C9-B5DB-2BCAD854E405}.Release|x86.Build.0 = Release|Any CPU
		{4B69D627-CC5D-4F0F-BAC5-944B6D60A0BC}.Debug|Any CPU.ActiveCfg = Debug|Any CPU
		{4B69D627-CC5D-4F0F-BAC5-944B6D60A0BC}.Debug|Any CPU.Build.0 = Debug|Any CPU
		{4B69D627-CC5D-4F0F-BAC5-944B6D60A0BC}.Debug|x64.ActiveCfg = Debug|Any CPU
		{4B69D627-CC5D-4F0F-BAC5-944B6D60A0BC}.Debug|x64.Build.0 = Debug|Any CPU
		{4B69D627-CC5D-4F0F-BAC5-944B6D60A0BC}.Debug|x86.ActiveCfg = Debug|Any CPU
		{4B69D627-CC5D-4F0F-BAC5-944B6D60A0BC}.Debug|x86.Build.0 = Debug|Any CPU
		{4B69D627-CC5D-4F0F-BAC5-944B6D60A0BC}.Release|Any CPU.ActiveCfg = Release|Any CPU
		{4B69D627-CC5D-4F0F-BAC5-944B6D60A0BC}.Release|Any CPU.Build.0 = Release|Any CPU
		{4B69D627-CC5D-4F0F-BAC5-944B6D60A0BC}.Release|x64.ActiveCfg = Release|Any CPU
		{4B69D627-CC5D-4F0F-BAC5-944B6D60A0BC}.Release|x64.Build.0 = Release|Any CPU
		{4B69D627-CC5D-4F0F-BAC5-944B6D60A0BC}.Release|x86.ActiveCfg = Release|Any CPU
		{4B69D627-CC5D-4F0F-BAC5-944B6D60A0BC}.Release|x86.Build.0 = Release|Any CPU
		{865F6B7E-62E6-4712-8961-4386D9C665B3}.Debug|Any CPU.ActiveCfg = Debug|Any CPU
		{865F6B7E-62E6-4712-8961-4386D9C665B3}.Debug|Any CPU.Build.0 = Debug|Any CPU
		{865F6B7E-62E6-4712-8961-4386D9C665B3}.Debug|x64.ActiveCfg = Debug|Any CPU
		{865F6B7E-62E6-4712-8961-4386D9C665B3}.Debug|x64.Build.0 = Debug|Any CPU
		{865F6B7E-62E6-4712-8961-4386D9C665B3}.Debug|x86.ActiveCfg = Debug|Any CPU
		{865F6B7E-62E6-4712-8961-4386D9C665B3}.Debug|x86.Build.0 = Debug|Any CPU
		{865F6B7E-62E6-4712-8961-4386D9C665B3}.Release|Any CPU.ActiveCfg = Release|Any CPU
		{865F6B7E-62E6-4712-8961-4386D9C665B3}.Release|Any CPU.Build.0 = Release|Any CPU
		{865F6B7E-62E6-4712-8961-4386D9C665B3}.Release|x64.ActiveCfg = Release|Any CPU
		{865F6B7E-62E6-4712-8961-4386D9C665B3}.Release|x64.Build.0 = Release|Any CPU
		{865F6B7E-62E6-4712-8961-4386D9C665B3}.Release|x86.ActiveCfg = Release|Any CPU
		{865F6B7E-62E6-4712-8961-4386D9C665B3}.Release|x86.Build.0 = Release|Any CPU
		{582DE67A-DD2F-41EB-B82E-0CF77B3201EB}.Debug|Any CPU.ActiveCfg = Debug|Any CPU
		{582DE67A-DD2F-41EB-B82E-0CF77B3201EB}.Debug|Any CPU.Build.0 = Debug|Any CPU
		{582DE67A-DD2F-41EB-B82E-0CF77B3201EB}.Debug|x64.ActiveCfg = Debug|Any CPU
		{582DE67A-DD2F-41EB-B82E-0CF77B3201EB}.Debug|x64.Build.0 = Debug|Any CPU
		{582DE67A-DD2F-41EB-B82E-0CF77B3201EB}.Debug|x86.ActiveCfg = Debug|Any CPU
		{582DE67A-DD2F-41EB-B82E-0CF77B3201EB}.Debug|x86.Build.0 = Debug|Any CPU
		{582DE67A-DD2F-41EB-B82E-0CF77B3201EB}.Release|Any CPU.ActiveCfg = Release|Any CPU
		{582DE67A-DD2F-41EB-B82E-0CF77B3201EB}.Release|Any CPU.Build.0 = Release|Any CPU
		{582DE67A-DD2F-41EB-B82E-0CF77B3201EB}.Release|x64.ActiveCfg = Release|Any CPU
		{582DE67A-DD2F-41EB-B82E-0CF77B3201EB}.Release|x64.Build.0 = Release|Any CPU
		{582DE67A-DD2F-41EB-B82E-0CF77B3201EB}.Release|x86.ActiveCfg = Release|Any CPU
		{582DE67A-DD2F-41EB-B82E-0CF77B3201EB}.Release|x86.Build.0 = Release|Any CPU
		{E2D17163-5AC1-4A70-8D18-3245DC7E89B1}.Debug|Any CPU.ActiveCfg = Debug|Any CPU
		{E2D17163-5AC1-4A70-8D18-3245DC7E89B1}.Debug|Any CPU.Build.0 = Debug|Any CPU
		{E2D17163-5AC1-4A70-8D18-3245DC7E89B1}.Debug|x64.ActiveCfg = Debug|Any CPU
		{E2D17163-5AC1-4A70-8D18-3245DC7E89B1}.Debug|x64.Build.0 = Debug|Any CPU
		{E2D17163-5AC1-4A70-8D18-3245DC7E89B1}.Debug|x86.ActiveCfg = Debug|Any CPU
		{E2D17163-5AC1-4A70-8D18-3245DC7E89B1}.Debug|x86.Build.0 = Debug|Any CPU
		{E2D17163-5AC1-4A70-8D18-3245DC7E89B1}.Release|Any CPU.ActiveCfg = Release|Any CPU
		{E2D17163-5AC1-4A70-8D18-3245DC7E89B1}.Release|Any CPU.Build.0 = Release|Any CPU
		{E2D17163-5AC1-4A70-8D18-3245DC7E89B1}.Release|x64.ActiveCfg = Release|Any CPU
		{E2D17163-5AC1-4A70-8D18-3245DC7E89B1}.Release|x64.Build.0 = Release|Any CPU
		{E2D17163-5AC1-4A70-8D18-3245DC7E89B1}.Release|x86.ActiveCfg = Release|Any CPU
		{E2D17163-5AC1-4A70-8D18-3245DC7E89B1}.Release|x86.Build.0 = Release|Any CPU
		{23ED465F-2B0F-4841-8AC8-D64E6FBEC8D3}.Debug|Any CPU.ActiveCfg = Debug|Any CPU
		{23ED465F-2B0F-4841-8AC8-D64E6FBEC8D3}.Debug|Any CPU.Build.0 = Debug|Any CPU
		{23ED465F-2B0F-4841-8AC8-D64E6FBEC8D3}.Debug|x64.ActiveCfg = Debug|Any CPU
		{23ED465F-2B0F-4841-8AC8-D64E6FBEC8D3}.Debug|x64.Build.0 = Debug|Any CPU
		{23ED465F-2B0F-4841-8AC8-D64E6FBEC8D3}.Debug|x86.ActiveCfg = Debug|Any CPU
		{23ED465F-2B0F-4841-8AC8-D64E6FBEC8D3}.Debug|x86.Build.0 = Debug|Any CPU
		{23ED465F-2B0F-4841-8AC8-D64E6FBEC8D3}.Release|Any CPU.ActiveCfg = Release|Any CPU
		{23ED465F-2B0F-4841-8AC8-D64E6FBEC8D3}.Release|Any CPU.Build.0 = Release|Any CPU
		{23ED465F-2B0F-4841-8AC8-D64E6FBEC8D3}.Release|x64.ActiveCfg = Release|Any CPU
		{23ED465F-2B0F-4841-8AC8-D64E6FBEC8D3}.Release|x64.Build.0 = Release|Any CPU
		{23ED465F-2B0F-4841-8AC8-D64E6FBEC8D3}.Release|x86.ActiveCfg = Release|Any CPU
		{23ED465F-2B0F-4841-8AC8-D64E6FBEC8D3}.Release|x86.Build.0 = Release|Any CPU
		{8576B53E-2E2E-48A9-96A2-981E8F7B7CFF}.Debug|Any CPU.ActiveCfg = Debug|Any CPU
		{8576B53E-2E2E-48A9-96A2-981E8F7B7CFF}.Debug|Any CPU.Build.0 = Debug|Any CPU
		{8576B53E-2E2E-48A9-96A2-981E8F7B7CFF}.Debug|x64.ActiveCfg = Debug|Any CPU
		{8576B53E-2E2E-48A9-96A2-981E8F7B7CFF}.Debug|x64.Build.0 = Debug|Any CPU
		{8576B53E-2E2E-48A9-96A2-981E8F7B7CFF}.Debug|x86.ActiveCfg = Debug|Any CPU
		{8576B53E-2E2E-48A9-96A2-981E8F7B7CFF}.Debug|x86.Build.0 = Debug|Any CPU
		{8576B53E-2E2E-48A9-96A2-981E8F7B7CFF}.Release|Any CPU.ActiveCfg = Release|Any CPU
		{8576B53E-2E2E-48A9-96A2-981E8F7B7CFF}.Release|Any CPU.Build.0 = Release|Any CPU
		{8576B53E-2E2E-48A9-96A2-981E8F7B7CFF}.Release|x64.ActiveCfg = Release|Any CPU
		{8576B53E-2E2E-48A9-96A2-981E8F7B7CFF}.Release|x64.Build.0 = Release|Any CPU
		{8576B53E-2E2E-48A9-96A2-981E8F7B7CFF}.Release|x86.ActiveCfg = Release|Any CPU
		{8576B53E-2E2E-48A9-96A2-981E8F7B7CFF}.Release|x86.Build.0 = Release|Any CPU
		{192B1643-6A77-4382-88E8-9B22B5B99DF7}.Debug|Any CPU.ActiveCfg = Debug|Any CPU
		{192B1643-6A77-4382-88E8-9B22B5B99DF7}.Debug|Any CPU.Build.0 = Debug|Any CPU
		{192B1643-6A77-4382-88E8-9B22B5B99DF7}.Debug|x64.ActiveCfg = Debug|Any CPU
		{192B1643-6A77-4382-88E8-9B22B5B99DF7}.Debug|x64.Build.0 = Debug|Any CPU
		{192B1643-6A77-4382-88E8-9B22B5B99DF7}.Debug|x86.ActiveCfg = Debug|Any CPU
		{192B1643-6A77-4382-88E8-9B22B5B99DF7}.Debug|x86.Build.0 = Debug|Any CPU
		{192B1643-6A77-4382-88E8-9B22B5B99DF7}.Release|Any CPU.ActiveCfg = Release|Any CPU
		{192B1643-6A77-4382-88E8-9B22B5B99DF7}.Release|Any CPU.Build.0 = Release|Any CPU
		{192B1643-6A77-4382-88E8-9B22B5B99DF7}.Release|x64.ActiveCfg = Release|Any CPU
		{192B1643-6A77-4382-88E8-9B22B5B99DF7}.Release|x64.Build.0 = Release|Any CPU
		{192B1643-6A77-4382-88E8-9B22B5B99DF7}.Release|x86.ActiveCfg = Release|Any CPU
		{192B1643-6A77-4382-88E8-9B22B5B99DF7}.Release|x86.Build.0 = Release|Any CPU
		{728DEF70-726D-4422-BFF6-9491DEB664B1}.Debug|Any CPU.ActiveCfg = Debug|Any CPU
		{728DEF70-726D-4422-BFF6-9491DEB664B1}.Debug|Any CPU.Build.0 = Debug|Any CPU
		{728DEF70-726D-4422-BFF6-9491DEB664B1}.Debug|x64.ActiveCfg = Debug|Any CPU
		{728DEF70-726D-4422-BFF6-9491DEB664B1}.Debug|x64.Build.0 = Debug|Any CPU
		{728DEF70-726D-4422-BFF6-9491DEB664B1}.Debug|x86.ActiveCfg = Debug|Any CPU
		{728DEF70-726D-4422-BFF6-9491DEB664B1}.Debug|x86.Build.0 = Debug|Any CPU
		{728DEF70-726D-4422-BFF6-9491DEB664B1}.Release|Any CPU.ActiveCfg = Release|Any CPU
		{728DEF70-726D-4422-BFF6-9491DEB664B1}.Release|Any CPU.Build.0 = Release|Any CPU
		{728DEF70-726D-4422-BFF6-9491DEB664B1}.Release|x64.ActiveCfg = Release|Any CPU
		{728DEF70-726D-4422-BFF6-9491DEB664B1}.Release|x64.Build.0 = Release|Any CPU
		{728DEF70-726D-4422-BFF6-9491DEB664B1}.Release|x86.ActiveCfg = Release|Any CPU
		{728DEF70-726D-4422-BFF6-9491DEB664B1}.Release|x86.Build.0 = Release|Any CPU
		{C91A3C4D-4E6A-47E9-9530-C4B55FC0F473}.Debug|Any CPU.ActiveCfg = Debug|Any CPU
		{C91A3C4D-4E6A-47E9-9530-C4B55FC0F473}.Debug|Any CPU.Build.0 = Debug|Any CPU
		{C91A3C4D-4E6A-47E9-9530-C4B55FC0F473}.Debug|x64.ActiveCfg = Debug|Any CPU
		{C91A3C4D-4E6A-47E9-9530-C4B55FC0F473}.Debug|x64.Build.0 = Debug|Any CPU
		{C91A3C4D-4E6A-47E9-9530-C4B55FC0F473}.Debug|x86.ActiveCfg = Debug|Any CPU
		{C91A3C4D-4E6A-47E9-9530-C4B55FC0F473}.Debug|x86.Build.0 = Debug|Any CPU
		{C91A3C4D-4E6A-47E9-9530-C4B55FC0F473}.Release|Any CPU.ActiveCfg = Release|Any CPU
		{C91A3C4D-4E6A-47E9-9530-C4B55FC0F473}.Release|Any CPU.Build.0 = Release|Any CPU
		{C91A3C4D-4E6A-47E9-9530-C4B55FC0F473}.Release|x64.ActiveCfg = Release|Any CPU
		{C91A3C4D-4E6A-47E9-9530-C4B55FC0F473}.Release|x64.Build.0 = Release|Any CPU
		{C91A3C4D-4E6A-47E9-9530-C4B55FC0F473}.Release|x86.ActiveCfg = Release|Any CPU
		{C91A3C4D-4E6A-47E9-9530-C4B55FC0F473}.Release|x86.Build.0 = Release|Any CPU
		{0292A6DB-EB05-4FBF-B308-BD0A290CBBB1}.Debug|Any CPU.ActiveCfg = Debug|Any CPU
		{0292A6DB-EB05-4FBF-B308-BD0A290CBBB1}.Debug|Any CPU.Build.0 = Debug|Any CPU
		{0292A6DB-EB05-4FBF-B308-BD0A290CBBB1}.Debug|x64.ActiveCfg = Debug|Any CPU
		{0292A6DB-EB05-4FBF-B308-BD0A290CBBB1}.Debug|x64.Build.0 = Debug|Any CPU
		{0292A6DB-EB05-4FBF-B308-BD0A290CBBB1}.Debug|x86.ActiveCfg = Debug|Any CPU
		{0292A6DB-EB05-4FBF-B308-BD0A290CBBB1}.Debug|x86.Build.0 = Debug|Any CPU
		{0292A6DB-EB05-4FBF-B308-BD0A290CBBB1}.Release|Any CPU.ActiveCfg = Release|Any CPU
		{0292A6DB-EB05-4FBF-B308-BD0A290CBBB1}.Release|Any CPU.Build.0 = Release|Any CPU
		{0292A6DB-EB05-4FBF-B308-BD0A290CBBB1}.Release|x64.ActiveCfg = Release|Any CPU
		{0292A6DB-EB05-4FBF-B308-BD0A290CBBB1}.Release|x64.Build.0 = Release|Any CPU
		{0292A6DB-EB05-4FBF-B308-BD0A290CBBB1}.Release|x86.ActiveCfg = Release|Any CPU
		{0292A6DB-EB05-4FBF-B308-BD0A290CBBB1}.Release|x86.Build.0 = Release|Any CPU
	EndGlobalSection
	GlobalSection(SolutionProperties) = preSolution
		HideSolutionNode = FALSE
	EndGlobalSection
	GlobalSection(NestedProjects) = preSolution
		{3155E9DC-4E1B-4A90-BCB5-4F33DFB2C463} = {CC8B42B7-39C6-4583-A465-467B5911F7D0}
		{5A32A2B0-A398-4F68-B051-B2976AA1B2E3} = {CC8B42B7-39C6-4583-A465-467B5911F7D0}
		{FA246DBB-C8BF-40A2-97FB-E3683B9AF4F5} = {3155E9DC-4E1B-4A90-BCB5-4F33DFB2C463}
		{35A1CD02-B41D-4E61-A671-B92E89AE48D0} = {5A32A2B0-A398-4F68-B051-B2976AA1B2E3}
		{C6034EE9-FCDC-4E34-8D3E-CF9FBF50FFBB} = {295ADAED-DA23-4CE8-AAD8-C6E08881002C}
		{721B3A67-1F62-4860-A90B-FDE8CF8E4DE5} = {315AAE32-F528-4943-975D-F25A155361EB}
		{C03B69BF-AE35-49B0-BF5B-38FBC4334CE6} = {3155E9DC-4E1B-4A90-BCB5-4F33DFB2C463}
		{2163BA29-CAE1-4B5A-8D0B-958617E8D0CC} = {3155E9DC-4E1B-4A90-BCB5-4F33DFB2C463}
		{C0BCC884-4AC1-43C9-B5DB-2BCAD854E405} = {3155E9DC-4E1B-4A90-BCB5-4F33DFB2C463}
		{4B69D627-CC5D-4F0F-BAC5-944B6D60A0BC} = {3155E9DC-4E1B-4A90-BCB5-4F33DFB2C463}
		{865F6B7E-62E6-4712-8961-4386D9C665B3} = {3155E9DC-4E1B-4A90-BCB5-4F33DFB2C463}
		{582DE67A-DD2F-41EB-B82E-0CF77B3201EB} = {FA246DBB-C8BF-40A2-97FB-E3683B9AF4F5}
		{E2D17163-5AC1-4A70-8D18-3245DC7E89B1} = {5A32A2B0-A398-4F68-B051-B2976AA1B2E3}
		{23ED465F-2B0F-4841-8AC8-D64E6FBEC8D3} = {5A32A2B0-A398-4F68-B051-B2976AA1B2E3}
		{8576B53E-2E2E-48A9-96A2-981E8F7B7CFF} = {5A32A2B0-A398-4F68-B051-B2976AA1B2E3}
		{192B1643-6A77-4382-88E8-9B22B5B99DF7} = {5A32A2B0-A398-4F68-B051-B2976AA1B2E3}
		{728DEF70-726D-4422-BFF6-9491DEB664B1} = {5A32A2B0-A398-4F68-B051-B2976AA1B2E3}
		{C91A3C4D-4E6A-47E9-9530-C4B55FC0F473} = {35A1CD02-B41D-4E61-A671-B92E89AE48D0}
		{0292A6DB-EB05-4FBF-B308-BD0A290CBBB1} = {04EF7326-3CF3-4BC4-831B-860036CD5B20}
	EndGlobalSection
EndGlobal
